
Microsoft Visual Studio Solution File, Format Version 12.00
# Visual Studio Version 17
VisualStudioVersion = 17.3.32811.315
MinimumVisualStudioVersion = 10.0.40219.1
Project("{9A19103F-16F7-4668-BE54-9A1E7A4F7556}") = "MMABooksBusinessClasses", "MMABooksBusinessClasses\MMABooksBusinessClasses.csproj", "{92C67E8A-6A9C-47FB-A9E9-42ABB72AD2F8}"
EndProject
Project("{9A19103F-16F7-4668-BE54-9A1E7A4F7556}") = "MMABooksDBClasses", "MMABooksDBClasses\MMABooksDBClasses.csproj", "{D19CA23A-C69F-4F78-A08F-7EE653C7E794}"
EndProject
Project("{9A19103F-16F7-4668-BE54-9A1E7A4F7556}") = "MMABooksTests", "MMABooksTests\MMABooksTests.csproj", "{63ADC26F-4BE9-4532-9A3D-732CE2ACC34B}"
EndProject
Global
	GlobalSection(SolutionConfigurationPlatforms) = preSolution
		Debug|Any CPU = Debug|Any CPU
		Release|Any CPU = Release|Any CPU
	EndGlobalSection
	GlobalSection(ProjectConfigurationPlatforms) = postSolution
		{92C67E8A-6A9C-47FB-A9E9-42ABB72AD2F8}.Debug|Any CPU.ActiveCfg = Debug|Any CPU
		{92C67E8A-6A9C-47FB-A9E9-42ABB72AD2F8}.Debug|Any CPU.Build.0 = Debug|Any CPU
		{92C67E8A-6A9C-47FB-A9E9-42ABB72AD2F8}.Release|Any CPU.ActiveCfg = Release|Any CPU
		{92C67E8A-6A9C-47FB-A9E9-42ABB72AD2F8}.Release|Any CPU.Build.0 = Release|Any CPU
		{D19CA23A-C69F-4F78-A08F-7EE653C7E794}.Debug|Any CPU.ActiveCfg = Debug|Any CPU
		{D19CA23A-C69F-4F78-A08F-7EE653C7E794}.Debug|Any CPU.Build.0 = Debug|Any CPU
		{D19CA23A-C69F-4F78-A08F-7EE653C7E794}.Release|Any CPU.ActiveCfg = Release|Any CPU
		{D19CA23A-C69F-4F78-A08F-7EE653C7E794}.Release|Any CPU.Build.0 = Release|Any CPU
		{63ADC26F-4BE9-4532-9A3D-732CE2ACC34B}.Debug|Any CPU.ActiveCfg = Debug|Any CPU
		{63ADC26F-4BE9-4532-9A3D-732CE2ACC34B}.Debug|Any CPU.Build.0 = Debug|Any CPU
		{63ADC26F-4BE9-4532-9A3D-732CE2ACC34B}.Release|Any CPU.ActiveCfg = Release|Any CPU
		{63ADC26F-4BE9-4532-9A3D-732CE2ACC34B}.Release|Any CPU.Build.0 = Release|Any CPU
	EndGlobalSection
	GlobalSection(SolutionProperties) = preSolution
		HideSolutionNode = FALSE
	EndGlobalSection
	GlobalSection(ExtensibilityGlobals) = postSolution
		SolutionGuid = {3A80B744-4BA7-4574-A635-525C812B5C93}
	EndGlobalSection
EndGlobal
